PODS:
  - DeepDiff (2.3.1)
  - Giphy (2.0.3-Xcode-12):
    - DeepDiff
    - libwebp
    - PINCache (< 3.0)
  - libwebp (1.1.0):
    - libwebp/demux (= 1.1.0)
    - libwebp/mux (= 1.1.0)
    - libwebp/webp (= 1.1.0)
  - libwebp/demux (1.1.0):
    - libwebp/webp
  - libwebp/mux (1.1.0):
    - libwebp/demux
  - libwebp/webp (1.1.0)
  - PINCache (2.3)
  - SDWebImage (5.8.4):
    - SDWebImage/Core (= 5.8.4)
  - SDWebImage/Core (5.8.4)
  - SDWebImageSwiftUI (1.5.0):
    - SDWebImage (~> 5.7)

DEPENDENCIES:
  - Giphy (from `https://s3.amazonaws.com/sdk.mobile.giphy.com/SDK/2.0.3-Xcode-12/Giphy.podspec`)
  - SDWebImageSwiftUI

SPEC REPOS:
  trunk:
    - DeepDiff
    - libwebp
    - PINCache
    - SDWebImage
    - SDWebImageSwiftUI

EXTERNAL SOURCES:
  Giphy:
    :podspec: https://s3.amazonaws.com/sdk.mobile.giphy.com/SDK/2.0.3-Xcode-12/Giphy.podspec

SPEC CHECKSUMS:
  DeepDiff: e5ae6c50d0321568e4508cec5930b9f10bb293fc
  Giphy: 4f93e2983dba5e0f361a3f5bed1671f5cf919eae
  libwebp: 946cb3063cea9236285f7e9a8505d806d30e07f3
  PINCache: ce36ed282031b92fc7733ffe831f474ff80fddc2
  SDWebImage: cf6922231e95550934da2ada0f20f2becf2ceba9
  SDWebImageSwiftUI: 43687ffe232ddd33fe0659498b7ca9884fdd6b35

PODFILE CHECKSUM: 938610b28133650c251d9e223cf3a649dc961320

COCOAPODS: 1.9.0.beta.3
